# @generated by Move, please check-in and do not edit manually.

[move]
version = 3
manifest_digest = "59E143963C155CBFEFD2FF83292517BFC01E50939A1F6714F14D8A422E86FA6D"
deps_digest = "F8BBB0CCB2491CA29A3DF03D6F92277A4F3574266507ACD77214D37ECA3F3082"
dependencies = [
  { id = "Iota", name = "Iota" },
]

[[move.package]]
id = "Iota"
source = { git = "https://github.com/iotaledger/iota.git", rev = "devnet", subdir = "crates/iota-framework/packages/iota-framework" }

dependencies = [
  { id = "MoveStdlib", name = "MoveStdlib" },
]

[[move.package]]
id = "MoveStdlib"
source = { git = "https://github.com/iotaledger/iota.git", rev = "devnet", subdir = "crates/iota-framework/packages/move-stdlib" }

[move.toolchain-version]
compiler-version = "1.11.0-rc"
edition = "2024"
flavor = "iota"

[env]

[env.devnet]
chain-id = "e678123a"
original-published-id = "0x9d108e915e632cfa98fa2e1a1f1380caf12aefad9c3f2bef9ccc354686adc37d"
latest-published-id = "0x9d108e915e632cfa98fa2e1a1f1380caf12aefad9c3f2bef9ccc354686adc37d"
published-version = "1"
